
Microsoft Visual Studio Solution File, Format Version 12.00
# Visual Studio 15
VisualStudioVersion = 15.0.28307.438
MinimumVisualStudioVersion = 10.0.40219.1
Project("{8BC9CEB8-8B4A-11D0-8D11-00A0C91BC942}") = "openGLWork", "openGLWork\openGLWork.vcxproj", "{36DBF6EC-6B1E-43FB-8923-5846AB618573}"
EndProject
Global
	GlobalSection(SolutionConfigurationPlatforms) = preSolution
		Debug|x64 = Debug|x64
		Debug|x86 = Debug|x86
		Release|x64 = Release|x64
		Release|x86 = Release|x86
	EndGlobalSection
	GlobalSection(ProjectConfigurationPlatforms) = postSolution
		{36DBF6EC-6B1E-43FB-8923-5846AB618573}.Debug|x64.ActiveCfg = Debug|x64
		{36DBF6EC-6B1E-43FB-8923-5846AB618573}.Debug|x64.Build.0 = Debug|x64
		{36DBF6EC-6B1E-43FB-8923-5846AB618573}.Debug|x86.ActiveCfg = Debug|Win32
		{36DBF6EC-6B1E-43FB-8923-5846AB618573}.Debug|x86.Build.0 = Debug|Win32
		{36DBF6EC-6B1E-43FB-8923-5846AB618573}.Release|x64.ActiveCfg = Release|x64
		{36DBF6EC-6B1E-43FB-8923-5846AB618573}.Release|x64.Build.0 = Release|x64
		{36DBF6EC-6B1E-43FB-8923-5846AB618573}.Release|x86.ActiveCfg = Release|Win32
		{36DBF6EC-6B1E-43FB-8923-5846AB618573}.Release|x86.Build.0 = Release|Win32
	EndGlobalSection
	GlobalSection(SolutionProperties) = preSolution
		HideSolutionNode = FALSE
	EndGlobalSection
	GlobalSection(ExtensibilityGlobals) = postSolution
		SolutionGuid = {D1F2BB9B-989F-4334-9E29-5E7D861E3E3A}
	EndGlobalSection
EndGlobal
